
Microsoft Visual Studio Solution File, Format Version 12.00
# Visual Studio 15
VisualStudioVersion = 15.0.27130.2010
MinimumVisualStudioVersion = 10.0.40219.1
Project("{FAE04EC0-301F-11D3-BF4B-00C04F79EFBC}") = "EXModbus", "EXModbus\EXModbus.csproj", "{6E260C6B-6381-4E7F-99F0-A33EE48D2EB8}"
EndProject
Project("{54435603-DBB4-11D2-8724-00A0C9A8B90C}") = "EXModbusSetup", "EXModbusSetup\EXModbusSetup.vdproj", "{74B8FF8B-AFC9-4727-B51A-4246E4E204BB}"
EndProject
Global
	GlobalSection(SolutionConfigurationPlatforms) = preSolution
		Debug|Any CPU = Debug|Any CPU
		Release|Any CPU = Release|Any CPU
	EndGlobalSection
	GlobalSection(ProjectConfigurationPlatforms) = postSolution
		{6E260C6B-6381-4E7F-99F0-A33EE48D2EB8}.Debug|Any CPU.ActiveCfg = Debug|Any CPU
		{6E260C6B-6381-4E7F-99F0-A33EE48D2EB8}.Debug|Any CPU.Build.0 = Debug|Any CPU
		{6E260C6B-6381-4E7F-99F0-A33EE48D2EB8}.Release|Any CPU.ActiveCfg = Release|Any CPU
		{6E260C6B-6381-4E7F-99F0-A33EE48D2EB8}.Release|Any CPU.Build.0 = Release|Any CPU
		{74B8FF8B-AFC9-4727-B51A-4246E4E204BB}.Debug|Any CPU.ActiveCfg = Debug
		{74B8FF8B-AFC9-4727-B51A-4246E4E204BB}.Release|Any CPU.ActiveCfg = Release
	EndGlobalSection
	GlobalSection(SolutionProperties) = preSolution
		HideSolutionNode = FALSE
	EndGlobalSection
	GlobalSection(ExtensibilityGlobals) = postSolution
		SolutionGuid = {CA004415-6ED2-4DBB-9BAF-36426FE9BA9D}
	EndGlobalSection
EndGlobal
